Microsoft Visual Studio Solution File, Format Version 12.00
# Visual Studio Version 17
VisualStudioVersion = 17.5.2.0
MinimumVisualStudioVersion = 10.0.40219.1
Project("{FAE04EC0-301F-11D3-BF4B-00C04F79EFBC}") = "segment_reporting", "segment_reporting\segment_reporting.csproj", "{CE037F70-9293-6E1D-56A0-3220BF410CC5}"
EndProject
Global
	GlobalSection(SolutionConfigurationPlatforms) = preSolution
		Debug|Any CPU = Debug|Any CPU
		Release|Any CPU = Release|Any CPU
	EndGlobalSection
	GlobalSection(ProjectConfigurationPlatforms) = postSolution
		{CE037F70-9293-6E1D-56A0-3220BF410CC5}.Debug|Any CPU.ActiveCfg = Debug|Any CPU
		{CE037F70-9293-6E1D-56A0-3220BF410CC5}.Debug|Any CPU.Build.0 = Debug|Any CPU
		{CE037F70-9293-6E1D-56A0-3220BF410CC5}.Release|Any CPU.ActiveCfg = Release|Any CPU
		{CE037F70-9293-6E1D-56A0-3220BF410CC5}.Release|Any CPU.Build.0 = Release|Any CPU
	EndGlobalSection
	GlobalSection(SolutionProperties) = preSolution
		HideSolutionNode = FALSE
	EndGlobalSection
	GlobalSection(ExtensibilityGlobals) = postSolution
		SolutionGuid = {3B3045A7-4460-4420-A40F-49BDD4A06BD4}
	EndGlobalSection
EndGlobal
